// !$*UTF8*$!
{
	archiveVersion = 1;
	classes = {
	};
	objectVersion = 51;
	objects = {

/* Begin PBXBuildFile section */
		641A4577F1D74D470E93C2CF /* Pods_Study_UnitTest_Study_UnitTestUITests.framework in Frameworks */ = {isa = PBXBuildFile; fileRef = 7B04E44AE3FB6DFDA92847E2 /* Pods_Study_UnitTest_Study_UnitTestUITests.framework */; };
		B0011BA168422DF50E8F583C /* Pods_Study_UnitTestTests.framework in Frameworks */ = {isa = PBXBuildFile; fileRef = 4E789EA094AB5B415BD7D0DB /* Pods_Study_UnitTestTests.framework */; };
		C8DD109B4E43A23780364EA0 /* Pods_Study_UnitTest.framework in Frameworks */ = {isa = PBXBuildFile; fileRef = AFF9AC88F8E13F967B988B6A /* Pods_Study_UnitTest.framework */; };
		DD155B7F24B25E6100AAA7DE /* StringUtilsTests.swift in Sources */ = {isa = PBXBuildFile; fileRef = DD155B7E24B25E6100AAA7DE /* StringUtilsTests.swift */; };
		DD155B9624B2741700AAA7DE /* AccountViewController.swift in Sources */ = {isa = PBXBuildFile; fileRef = DD155B9524B2741700AAA7DE /* AccountViewController.swift */; };
		DD155B9824B2746000AAA7DE /* AccountViewModel.swift in Sources */ = {isa = PBXBuildFile; fileRef = DD155B9724B2746000AAA7DE /* AccountViewModel.swift */; };
		DD155B9B24B2ACBF00AAA7DE /* AccountViewModelSpecs.swift in Sources */ = {isa = PBXBuildFile; fileRef = DD155B9A24B2ACBF00AAA7DE /* AccountViewModelSpecs.swift */; };
		DD2995DE24B0D1CE000F3A12 /* AppDelegate.swift in Sources */ = {isa = PBXBuildFile; fileRef = DD2995DD24B0D1CE000F3A12 /* AppDelegate.swift */; };
		DD2995E024B0D1CE000F3A12 /* SceneDelegate.swift in Sources */ = {isa = PBXBuildFile; fileRef = DD2995DF24B0D1CE000F3A12 /* SceneDelegate.swift */; };
		DD2995E224B0D1CE000F3A12 /* ViewController.swift in Sources */ = {isa = PBXBuildFile; fileRef = DD2995E124B0D1CE000F3A12 /* ViewController.swift */; };
		DD2995E524B0D1CE000F3A12 /* Main.storyboard in Resources */ = {isa = PBXBuildFile; fileRef = DD2995E324B0D1CE000F3A12 /* Main.storyboard */; };
		DD2995EA24B0D1D0000F3A12 /* Assets.xcassets in Resources */ = {isa = PBXBuildFile; fileRef = DD2995E924B0D1D0000F3A12 /* Assets.xcassets */; };
		DD2995ED24B0D1D0000F3A12 /* LaunchScreen.storyboard in Resources */ = {isa = PBXBuildFile; fileRef = DD2995EB24B0D1D0000F3A12 /* LaunchScreen.storyboard */; };
		DD2995F824B0D1D0000F3A12 /* Study_UnitTestTests.swift in Sources */ = {isa = PBXBuildFile; fileRef = DD2995F724B0D1D0000F3A12 /* Study_UnitTestTests.swift */; };
		DD29960324B0D1D0000F3A12 /* Study_UnitTestUITests.swift in Sources */ = {isa = PBXBuildFile; fileRef = DD29960224B0D1D0000F3A12 /* Study_UnitTestUITests.swift */; };
		DD29961124B0D7B6000F3A12 /* StringUtils.swift in Sources */ = {isa = PBXBuildFile; fileRef = DD29961024B0D7B6000F3A12 /* StringUtils.swift */; };
		DD29961324B0FAAC000F3A12 /* StringUtilsSpec.swift in Sources */ = {isa = PBXBuildFile; fileRef = DD29961224B0FAAC000F3A12 /* StringUtilsSpec.swift */; };
		DD29961524B1047F000F3A12 /* AccountBalance.swift in Sources */ = {isa = PBXBuildFile; fileRef = DD29961424B1047F000F3A12 /* AccountBalance.swift */; };
		DD29961724B10761000F3A12 /* AccountBalanceSpec.swift in Sources */ = {isa = PBXBuildFile; fileRef = DD29961624B10761000F3A12 /* AccountBalanceSpec.swift */; };
/* End PBXBuildFile section */

/* Begin PBXContainerItemProxy section */
		DD2995F424B0D1D0000F3A12 /* PBXContainerItemProxy */ = {
			isa = PBXContainerItemProxy;
			containerPortal = DD2995D224B0D1CE000F3A12 /* Project object */;
			proxyType = 1;
			remoteGlobalIDString = DD2995D924B0D1CE000F3A12;
			remoteInfo = "Study-UnitTest";
		};
		DD2995FF24B0D1D0000F3A12 /* PBXContainerItemProxy */ = {
			isa = PBXContainerItemProxy;
			containerPortal = DD2995D224B0D1CE000F3A12 /* Project object */;
			proxyType = 1;
			remoteGlobalIDString = DD2995D924B0D1CE000F3A12;
			remoteInfo = "Study-UnitTest";
		};
/* End PBXContainerItemProxy section */

/* Begin PBXFileReference section */
		1C4064302E295FDEEF074908 /* Pods-Study-UnitTest-Study-UnitTestUITests.debug.xcconfig */ = {isa = PBXFileReference; includeInIndex = 1; lastKnownFileType = text.xcconfig; name = "Pods-Study-UnitTest-Study-UnitTestUITests.debug.xcconfig"; path = "Target Support Files/Pods-Study-UnitTest-Study-UnitTestUITests/Pods-Study-UnitTest-Study-UnitTestUITests.debug.xcconfig"; sourceTree = "<group>"; };
		2BC1202069D322E56F011482 /* Pods-Study-UnitTestTests.release.xcconfig */ = {isa = PBXFileReference; includeInIndex = 1; lastKnownFileType = text.xcconfig; name = "Pods-Study-UnitTestTests.release.xcconfig"; path = "Target Support Files/Pods-Study-UnitTestTests/Pods-Study-UnitTestTests.release.xcconfig"; sourceTree = "<group>"; };
		4E789EA094AB5B415BD7D0DB /* Pods_Study_UnitTestTests.framework */ = {isa = PBXFileReference; explicitFileType = wrapper.framework; includeInIndex = 0; path = Pods_Study_UnitTestTests.framework; sourceTree = BUILT_PRODUCTS_DIR; };
		5A84BB2693011F06B34BB24B /* Pods-Study-UnitTest.release.xcconfig */ = {isa = PBXFileReference; includeInIndex = 1; lastKnownFileType = text.xcconfig; name = "Pods-Study-UnitTest.release.xcconfig"; path = "Target Support Files/Pods-Study-UnitTest/Pods-Study-UnitTest.release.xcconfig"; sourceTree = "<group>"; };
		6FD8D136A7784F7F05F7A293 /* Pods-Study-UnitTest-Study-UnitTestUITests.release.xcconfig */ = {isa = PBXFileReference; includeInIndex = 1; lastKnownFileType = text.xcconfig; name = "Pods-Study-UnitTest-Study-UnitTestUITests.release.xcconfig"; path = "Target Support Files/Pods-Study-UnitTest-Study-UnitTestUITests/Pods-Study-UnitTest-Study-UnitTestUITests.release.xcconfig"; sourceTree = "<group>"; };
		765F76BD1967EADDBF1D0379 /* Pods-Study-UnitTest.debug.xcconfig */ = {isa = PBXFileReference; includeInIndex = 1; lastKnownFileType = text.xcconfig; name = "Pods-Study-UnitTest.debug.xcconfig"; path = "Target Support Files/Pods-Study-UnitTest/Pods-Study-UnitTest.debug.xcconfig"; sourceTree = "<group>"; };
		7B04E44AE3FB6DFDA92847E2 /* Pods_Study_UnitTest_Study_UnitTestUITests.framework */ = {isa = PBXFileReference; explicitFileType = wrapper.framework; includeInIndex = 0; path = Pods_Study_UnitTest_Study_UnitTestUITests.framework; sourceTree = BUILT_PRODUCTS_DIR; };
		AF9DCC51043175C9B6326130 /* Pods-Study-UnitTestTests.debug.xcconfig */ = {isa = PBXFileReference; includeInIndex = 1; lastKnownFileType = text.xcconfig; name = "Pods-Study-UnitTestTests.debug.xcconfig"; path = "Target Support Files/Pods-Study-UnitTestTests/Pods-Study-UnitTestTests.debug.xcconfig"; sourceTree = "<group>"; };
		AFF9AC88F8E13F967B988B6A /* Pods_Study_UnitTest.framework */ = {isa = PBXFileReference; explicitFileType = wrapper.framework; includeInIndex = 0; path = Pods_Study_UnitTest.framework; sourceTree = BUILT_PRODUCTS_DIR; };
		DD155B7E24B25E6100AAA7DE /* StringUtilsTests.swift */ = {isa = PBXFileReference; lastKnownFileType = sourcecode.swift; path = StringUtilsTests.swift; sourceTree = "<group>"; };
		DD155B9524B2741700AAA7DE /* AccountViewController.swift */ = {isa = PBXFileReference; lastKnownFileType = sourcecode.swift; path = AccountViewController.swift; sourceTree = "<group>"; };
		DD155B9724B2746000AAA7DE /* AccountViewModel.swift */ = {isa = PBXFileReference; lastKnownFileType = sourcecode.swift; path = AccountViewModel.swift; sourceTree = "<group>"; };
		DD155B9A24B2ACBF00AAA7DE /* AccountViewModelSpecs.swift */ = {isa = PBXFileReference; lastKnownFileType = sourcecode.swift; path = AccountViewModelSpecs.swift; sourceTree = "<group>"; };
		DD2995DA24B0D1CE000F3A12 /* Study-UnitTest.app */ = {isa = PBXFileReference; explicitFileType = wrapper.application; includeInIndex = 0; path = "Study-UnitTest.app"; sourceTree = BUILT_PRODUCTS_DIR; };
		DD2995DD24B0D1CE000F3A12 /* AppDelegate.swift */ = {isa = PBXFileReference; lastKnownFileType = sourcecode.swift; path = AppDelegate.swift; sourceTree = "<group>"; };
		DD2995DF24B0D1CE000F3A12 /* SceneDelegate.swift */ = {isa = PBXFileReference; lastKnownFileType = sourcecode.swift; path = SceneDelegate.swift; sourceTree = "<group>"; };
		DD2995E124B0D1CE000F3A12 /* ViewController.swift */ = {isa = PBXFileReference; lastKnownFileType = sourcecode.swift; path = ViewController.swift; sourceTree = "<group>"; };
		DD2995E424B0D1CE000F3A12 /* Base */ = {isa = PBXFileReference; lastKnownFileType = file.storyboard; name = Base; path = Base.lproj/Main.storyboard; sourceTree = "<group>"; };
		DD2995E924B0D1D0000F3A12 /* Assets.xcassets */ = {isa = PBXFileReference; lastKnownFileType = folder.assetcatalog; path = Assets.xcassets; sourceTree = "<group>"; };
		DD2995EC24B0D1D0000F3A12 /* Base */ = {isa = PBXFileReference; lastKnownFileType = file.storyboard; name = Base; path = Base.lproj/LaunchScreen.storyboard; sourceTree = "<group>"; };
		DD2995EE24B0D1D0000F3A12 /* Info.plist */ = {isa = PBXFileReference; lastKnownFileType = text.plist.xml; path = Info.plist; sourceTree = "<group>"; };
		DD2995F324B0D1D0000F3A12 /* Study-UnitTestTests.xctest */ = {isa = PBXFileReference; explicitFileType = wrapper.cfbundle; includeInIndex = 0; path = "Study-UnitTestTests.xctest"; sourceTree = BUILT_PRODUCTS_DIR; };
		DD2995F724B0D1D0000F3A12 /* Study_UnitTestTests.swift */ = {isa = PBXFileReference; lastKnownFileType = sourcecode.swift; path = Study_UnitTestTests.swift; sourceTree = "<group>"; };
		DD2995F924B0D1D0000F3A12 /* Info.plist */ = {isa = PBXFileReference; lastKnownFileType = text.plist.xml; path = Info.plist; sourceTree = "<group>"; };
		DD2995FE24B0D1D0000F3A12 /* Study-UnitTestUITests.xctest */ = {isa = PBXFileReference; explicitFileType = wrapper.cfbundle; includeInIndex = 0; path = "Study-UnitTestUITests.xctest"; sourceTree = BUILT_PRODUCTS_DIR; };
		DD29960224B0D1D0000F3A12 /* Study_UnitTestUITests.swift */ = {isa = PBXFileReference; lastKnownFileType = sourcecode.swift; path = Study_UnitTestUITests.swift; sourceTree = "<group>"; };
		DD29960424B0D1D0000F3A12 /* Info.plist */ = {isa = PBXFileReference; lastKnownFileType = text.plist.xml; path = Info.plist; sourceTree = "<group>"; };
		DD29961024B0D7B6000F3A12 /* StringUtils.swift */ = {isa = PBXFileReference; lastKnownFileType = sourcecode.swift; path = StringUtils.swift; sourceTree = "<group>"; };
		DD29961224B0FAAC000F3A12 /* StringUtilsSpec.swift */ = {isa = PBXFileReference; lastKnownFileType = sourcecode.swift; path = StringUtilsSpec.swift; sourceTree = "<group>"; };
		DD29961424B1047F000F3A12 /* AccountBalance.swift */ = {isa = PBXFileReference; lastKnownFileType = sourcecode.swift; path = AccountBalance.swift; sourceTree = "<group>"; };
		DD29961624B10761000F3A12 /* AccountBalanceSpec.swift */ = {isa = PBXFileReference; lastKnownFileType = sourcecode.swift; path = AccountBalanceSpec.swift; sourceTree = "<group>"; };
/* End PBXFileReference section */

/* Begin PBXFrameworksBuildPhase section */
		DD2995D724B0D1CE000F3A12 /* Frameworks */ = {
			isa = PBXFrameworksBuildPhase;
			buildActionMask = 2147483647;
			files = (
				C8DD109B4E43A23780364EA0 /* Pods_Study_UnitTest.framework in Frameworks */,
			);
			runOnlyForDeploymentPostprocessing = 0;
		};
		DD2995F024B0D1D0000F3A12 /* Frameworks */ = {
			isa = PBXFrameworksBuildPhase;
			buildActionMask = 2147483647;
			files = (
				B0011BA168422DF50E8F583C /* Pods_Study_UnitTestTests.framework in Frameworks */,
			);
			runOnlyForDeploymentPostprocessing = 0;
		};
		DD2995FB24B0D1D0000F3A12 /* Frameworks */ = {
			isa = PBXFrameworksBuildPhase;
			buildActionMask = 2147483647;
			files = (
				641A4577F1D74D470E93C2CF /* Pods_Study_UnitTest_Study_UnitTestUITests.framework in Frameworks */,
			);
			runOnlyForDeploymentPostprocessing = 0;
		};
/* End PBXFrameworksBuildPhase section */

/* Begin PBXGroup section */
		7C21B5D7C4736774D3BEAD20 /* Frameworks */ = {
			isa = PBXGroup;
			children = (
				AFF9AC88F8E13F967B988B6A /* Pods_Study_UnitTest.framework */,
				7B04E44AE3FB6DFDA92847E2 /* Pods_Study_UnitTest_Study_UnitTestUITests.framework */,
				4E789EA094AB5B415BD7D0DB /* Pods_Study_UnitTestTests.framework */,
			);
			name = Frameworks;
			sourceTree = "<group>";
		};
		7D62436B84056712A305E7F6 /* Pods */ = {
			isa = PBXGroup;
			children = (
				765F76BD1967EADDBF1D0379 /* Pods-Study-UnitTest.debug.xcconfig */,
				5A84BB2693011F06B34BB24B /* Pods-Study-UnitTest.release.xcconfig */,
				1C4064302E295FDEEF074908 /* Pods-Study-UnitTest-Study-UnitTestUITests.debug.xcconfig */,
				6FD8D136A7784F7F05F7A293 /* Pods-Study-UnitTest-Study-UnitTestUITests.release.xcconfig */,
				AF9DCC51043175C9B6326130 /* Pods-Study-UnitTestTests.debug.xcconfig */,
				2BC1202069D322E56F011482 /* Pods-Study-UnitTestTests.release.xcconfig */,
			);
			path = Pods;
			sourceTree = "<group>";
		};
		DD155B9424B273DA00AAA7DE /* AccountView */ = {
			isa = PBXGroup;
			children = (
				DD155B9524B2741700AAA7DE /* AccountViewController.swift */,
				DD155B9724B2746000AAA7DE /* AccountViewModel.swift */,
			);
			path = AccountView;
			sourceTree = "<group>";
		};
		DD155B9924B274AE00AAA7DE /* Utils */ = {
			isa = PBXGroup;
			children = (
				DD29961024B0D7B6000F3A12 /* StringUtils.swift */,
				DD29961424B1047F000F3A12 /* AccountBalance.swift */,
			);
			path = Utils;
			sourceTree = "<group>";
		};
		DD2995D124B0D1CE000F3A12 = {
			isa = PBXGroup;
			children = (
				DD2995DC24B0D1CE000F3A12 /* Study-UnitTest */,
				DD2995F624B0D1D0000F3A12 /* Study-UnitTestTests */,
				DD29960124B0D1D0000F3A12 /* Study-UnitTestUITests */,
				DD2995DB24B0D1CE000F3A12 /* Products */,
				7D62436B84056712A305E7F6 /* Pods */,
				7C21B5D7C4736774D3BEAD20 /* Frameworks */,
			);
			sourceTree = "<group>";
		};
		DD2995DB24B0D1CE000F3A12 /* Products */ = {
			isa = PBXGroup;
			children = (
				DD2995DA24B0D1CE000F3A12 /* Study-UnitTest.app */,
				DD2995F324B0D1D0000F3A12 /* Study-UnitTestTests.xctest */,
				DD2995FE24B0D1D0000F3A12 /* Study-UnitTestUITests.xctest */,
			);
			name = Products;
			sourceTree = "<group>";
		};
		DD2995DC24B0D1CE000F3A12 /* Study-UnitTest */ = {
			isa = PBXGroup;
			children = (
				DD2995DD24B0D1CE000F3A12 /* AppDelegate.swift */,
				DD2995DF24B0D1CE000F3A12 /* SceneDelegate.swift */,
				DD2995E124B0D1CE000F3A12 /* ViewController.swift */,
				DD155B9424B273DA00AAA7DE /* AccountView */,
				DD155B9924B274AE00AAA7DE /* Utils */,
				DD2995E324B0D1CE000F3A12 /* Main.storyboard */,
				DD2995EB24B0D1D0000F3A12 /* LaunchScreen.storyboard */,
				DD2995EE24B0D1D0000F3A12 /* Info.plist */,
				DD2995E924B0D1D0000F3A12 /* Assets.xcassets */,
			);
			path = "Study-UnitTest";
			sourceTree = "<group>";
		};
		DD2995F624B0D1D0000F3A12 /* Study-UnitTestTests */ = {
			isa = PBXGroup;
			children = (
				DD2995F924B0D1D0000F3A12 /* Info.plist */,
				DD2995F724B0D1D0000F3A12 /* Study_UnitTestTests.swift */,
				DD29961224B0FAAC000F3A12 /* StringUtilsSpec.swift */,
				DD29961624B10761000F3A12 /* AccountBalanceSpec.swift */,
				DD155B7E24B25E6100AAA7DE /* StringUtilsTests.swift */,
				DD155B9A24B2ACBF00AAA7DE /* AccountViewModelSpecs.swift */,
			);
			path = "Study-UnitTestTests";
			sourceTree = "<group>";
		};
		DD29960124B0D1D0000F3A12 /* Study-UnitTestUITests */ = {
			isa = PBXGroup;
			children = (
				DD29960224B0D1D0000F3A12 /* Study_UnitTestUITests.swift */,
				DD29960424B0D1D0000F3A12 /* Info.plist */,
			);
			path = "Study-UnitTestUITests";
			sourceTree = "<group>";
		};
/* End PBXGroup section */

/* Begin PBXNativeTarget section */
		DD2995D924B0D1CE000F3A12 /* Study-UnitTest */ = {
			isa = PBXNativeTarget;
			buildConfigurationList = DD29960724B0D1D0000F3A12 /* Build configuration list for PBXNativeTarget "Study-UnitTest" */;
			buildPhases = (
				813BC1B441B5339F16B5F7CE /* [CP] Check Pods Manifest.lock */,
				DD2995D624B0D1CE000F3A12 /* Sources */,
				DD2995D724B0D1CE000F3A12 /* Frameworks */,
				DD2995D824B0D1CE000F3A12 /* Resources */,
			);
			buildRules = (
			);
			dependencies = (
			);
			name = "Study-UnitTest";
			productName = "Study-UnitTest";
			productReference = DD2995DA24B0D1CE000F3A12 /* Study-UnitTest.app */;
			productType = "com.apple.product-type.application";
		};
		DD2995F224B0D1D0000F3A12 /* Study-UnitTestTests */ = {
			isa = PBXNativeTarget;
			buildConfigurationList = DD29960A24B0D1D0000F3A12 /* Build configuration list for PBXNativeTarget "Study-UnitTestTests" */;
			buildPhases = (
				84B05524DB7348B57F9A7B0A /* [CP] Check Pods Manifest.lock */,
				DD2995EF24B0D1D0000F3A12 /* Sources */,
				DD2995F024B0D1D0000F3A12 /* Frameworks */,
				DD2995F124B0D1D0000F3A12 /* Resources */,
				C58B84CCF27344658AA60F54 /* [CP] Embed Pods Frameworks */,
			);
			buildRules = (
			);
			dependencies = (
				DD2995F524B0D1D0000F3A12 /* PBXTargetDependency */,
			);
			name = "Study-UnitTestTests";
			productName = "Study-UnitTestTests";
			productReference = DD2995F324B0D1D0000F3A12 /* Study-UnitTestTests.xctest */;
			productType = "com.apple.product-type.bundle.unit-test";
		};
		DD2995FD24B0D1D0000F3A12 /* Study-UnitTestUITests */ = {
			isa = PBXNativeTarget;
			buildConfigurationList = DD29960D24B0D1D0000F3A12 /* Build configuration list for PBXNativeTarget "Study-UnitTestUITests" */;
			buildPhases = (
				25451837287F957CD08515D8 /* [CP] Check Pods Manifest.lock */,
				DD2995FA24B0D1D0000F3A12 /* Sources */,
				DD2995FB24B0D1D0000F3A12 /* Frameworks */,
				DD2995FC24B0D1D0000F3A12 /* Resources */,
			);
			buildRules = (
			);
			dependencies = (
				DD29960024B0D1D0000F3A12 /* PBXTargetDependency */,
			);
			name = "Study-UnitTestUITests";
			productName = "Study-UnitTestUITests";
			productReference = DD2995FE24B0D1D0000F3A12 /* Study-UnitTestUITests.xctest */;
			productType = "com.apple.product-type.bundle.ui-testing";
		};
/* End PBXNativeTarget section */

/* Begin PBXProject section */
		DD2995D224B0D1CE000F3A12 /* Project object */ = {
			isa = PBXProject;
			attributes = {
				LastSwiftUpdateCheck = 1150;
				LastUpgradeCheck = 1150;
				ORGANIZATIONNAME = "Walter Luis Deonísio Junior";
				TargetAttributes = {
					DD2995D924B0D1CE000F3A12 = {
						CreatedOnToolsVersion = 11.5;
					};
					DD2995F224B0D1D0000F3A12 = {
						CreatedOnToolsVersion = 11.5;
						TestTargetID = DD2995D924B0D1CE000F3A12;
					};
					DD2995FD24B0D1D0000F3A12 = {
						CreatedOnToolsVersion = 11.5;
						TestTargetID = DD2995D924B0D1CE000F3A12;
					};
				};
			};
			buildConfigurationList = DD2995D524B0D1CE000F3A12 /* Build configuration list for PBXProject "Study-UnitTest" */;
			compatibilityVersion = "Xcode 9.3";
			developmentRegion = en;
			hasScannedForEncodings = 0;
			knownRegions = (
				en,
				Base,
			);
			mainGroup = DD2995D124B0D1CE000F3A12;
			productRefGroup = DD2995DB24B0D1CE000F3A12 /* Products */;
			projectDirPath = "";
			projectRoot = "";
			targets = (
				DD2995D924B0D1CE000F3A12 /* Study-UnitTest */,
				DD2995F224B0D1D0000F3A12 /* Study-UnitTestTests */,
				DD2995FD24B0D1D0000F3A12 /* Study-UnitTestUITests */,
			);
		};
/* End PBXProject section */

/* Begin PBXResourcesBuildPhase section */
		DD2995D824B0D1CE000F3A12 /* Resources */ = {
			isa = PBXResourcesBuildPhase;
			buildActionMask = 2147483647;
			files = (
				DD2995ED24B0D1D0000F3A12 /* LaunchScreen.storyboard in Resources */,
				DD2995EA24B0D1D0000F3A12 /* Assets.xcassets in Resources */,
				DD2995E524B0D1CE000F3A12 /* Main.storyboard in Resources */,
			);
			runOnlyForDeploymentPostprocessing = 0;
		};
		DD2995F124B0D1D0000F3A12 /* Resources */ = {
			isa = PBXResourcesBuildPhase;
			buildActionMask = 2147483647;
			files = (
			);
			runOnlyForDeploymentPostprocessing = 0;
		};
		DD2995FC24B0D1D0000F3A12 /* Resources */ = {
			isa = PBXResourcesBuildPhase;
			buildActionMask = 2147483647;
			files = (
			);
			runOnlyForDeploymentPostprocessing = 0;
		};
/* End PBXResourcesBuildPhase section */

/* Begin PBXShellScriptBuildPhase section */
		25451837287F957CD08515D8 /* [CP] Check Pods Manifest.lock */ = {
			isa = PBXShellScriptBuildPhase;
			buildActionMask = 2147483647;
			files = (
			);
			inputFileListPaths = (
			);
			inputPaths = (
				"${PODS_PODFILE_DIR_PATH}/Podfile.lock",
				"${PODS_ROOT}/Manifest.lock",
			);
			name = "[CP] Check Pods Manifest.lock";
			outputFileListPaths = (
			);
			outputPaths = (
				"$(DERIVED_FILE_DIR)/Pods-Study-UnitTest-Study-UnitTestUITests-checkManifestLockResult.txt",
			);
			runOnlyForDeploymentPostprocessing = 0;
			shellPath = /bin/sh;
			shellScript = "diff \"${PODS_PODFILE_DIR_PATH}/Podfile.lock\" \"${PODS_ROOT}/Manifest.lock\" > /dev/null\nif [ $? != 0 ] ; then\n    # print error to STDERR\n    echo \"error: The sandbox is not in sync with the Podfile.lock. Run 'pod install' or update your CocoaPods installation.\" >&2\n    exit 1\nfi\n# This output is used by Xcode 'outputs' to avoid re-running this script phase.\necho \"SUCCESS\" > \"${SCRIPT_OUTPUT_FILE_0}\"\n";
			showEnvVarsInLog = 0;
		};
		813BC1B441B5339F16B5F7CE /* [CP] Check Pods Manifest.lock */ = {
			isa = PBXShellScriptBuildPhase;
			buildActionMask = 2147483647;
			files = (
			);
			inputFileListPaths = (
			);
			inputPaths = (
				"${PODS_PODFILE_DIR_PATH}/Podfile.lock",
				"${PODS_ROOT}/Manifest.lock",
			);
			name = "[CP] Check Pods Manifest.lock";
			outputFileListPaths = (
			);
			outputPaths = (
				"$(DERIVED_FILE_DIR)/Pods-Study-UnitTest-checkManifestLockResult.txt",
			);
			runOnlyForDeploymentPostprocessing = 0;
			shellPath = /bin/sh;
			shellScript = "diff \"${PODS_PODFILE_DIR_PATH}/Podfile.lock\" \"${PODS_ROOT}/Manifest.lock\" > /dev/null\nif [ $? != 0 ] ; then\n    # print error to STDERR\n    echo \"error: The sandbox is not in sync with the Podfile.lock. Run 'pod install' or update your CocoaPods installation.\" >&2\n    exit 1\nfi\n# This output is used by Xcode 'outputs' to avoid re-running this script phase.\necho \"SUCCESS\" > \"${SCRIPT_OUTPUT_FILE_0}\"\n";
			showEnvVarsInLog = 0;
		};
		84B05524DB7348B57F9A7B0A /* [CP] Check Pods Manifest.lock */ = {
			isa = PBXShellScriptBuildPhase;
			buildActionMask = 2147483647;
			files = (
			);
			inputFileListPaths = (
			);
			inputPaths = (
				"${PODS_PODFILE_DIR_PATH}/Podfile.lock",
				"${PODS_ROOT}/Manifest.lock",
			);
			name = "[CP] Check Pods Manifest.lock";
			outputFileListPaths = (
			);
			outputPaths = (
				"$(DERIVED_FILE_DIR)/Pods-Study-UnitTestTests-checkManifestLockResult.txt",
			);
			runOnlyForDeploymentPostprocessing = 0;
			shellPath = /bin/sh;
			shellScript = "diff \"${PODS_PODFILE_DIR_PATH}/Podfile.lock\" \"${PODS_ROOT}/Manifest.lock\" > /dev/null\nif [ $? != 0 ] ; then\n    # print error to STDERR\n    echo \"error: The sandbox is not in sync with the Podfile.lock. Run 'pod install' or update your CocoaPods installation.\" >&2\n    exit 1\nfi\n# This output is used by Xcode 'outputs' to avoid re-running this script phase.\necho \"SUCCESS\" > \"${SCRIPT_OUTPUT_FILE_0}\"\n";
			showEnvVarsInLog = 0;
		};
		C58B84CCF27344658AA60F54 /* [CP] Embed Pods Frameworks */ = {
			isa = PBXShellScriptBuildPhase;
			buildActionMask = 2147483647;
			files = (
			);
			inputFileListPaths = (
				"${PODS_ROOT}/Target Support Files/Pods-Study-UnitTestTests/Pods-Study-UnitTestTests-frameworks-${CONFIGURATION}-input-files.xcfilelist",
			);
			name = "[CP] Embed Pods Frameworks";
			outputFileListPaths = (
				"${PODS_ROOT}/Target Support Files/Pods-Study-UnitTestTests/Pods-Study-UnitTestTests-frameworks-${CONFIGURATION}-output-files.xcfilelist",
			);
			runOnlyForDeploymentPostprocessing = 0;
			shellPath = /bin/sh;
			shellScript = "\"${PODS_ROOT}/Target Support Files/Pods-Study-UnitTestTests/Pods-Study-UnitTestTests-frameworks.sh\"\n";
			showEnvVarsInLog = 0;
		};
/* End PBXShellScriptBuildPhase section */

/* Begin PBXSourcesBuildPhase section */
		DD2995D624B0D1CE000F3A12 /* Sources */ = {
			isa = PBXSourcesBuildPhase;
			buildActionMask = 2147483647;
			files = (
				DD2995E224B0D1CE000F3A12 /* ViewController.swift in Sources */,
				DD155B9824B2746000AAA7DE /* AccountViewModel.swift in Sources */,
				DD29961124B0D7B6000F3A12 /* StringUtils.swift in Sources */,
				DD155B9624B2741700AAA7DE /* AccountViewController.swift in Sources */,
				DD2995DE24B0D1CE000F3A12 /* AppDelegate.swift in Sources */,
				DD2995E024B0D1CE000F3A12 /* SceneDelegate.swift in Sources */,
				DD29961524B1047F000F3A12 /* AccountBalance.swift in Sources */,
			);
			runOnlyForDeploymentPostprocessing = 0;
		};
		DD2995EF24B0D1D0000F3A12 /* Sources */ = {
			isa = PBXSourcesBuildPhase;
			buildActionMask = 2147483647;
			files = (
				DD155B7F24B25E6100AAA7DE /* StringUtilsTests.swift in Sources */,
				DD2995F824B0D1D0000F3A12 /* Study_UnitTestTests.swift in Sources */,
				DD29961324B0FAAC000F3A12 /* StringUtilsSpec.swift in Sources */,
				DD29961724B10761000F3A12 /* AccountBalanceSpec.swift in Sources */,
				DD155B9B24B2ACBF00AAA7DE /* AccountViewModelSpecs.swift in Sources */,
			);
			runOnlyForDeploymentPostprocessing = 0;
		};
		DD2995FA24B0D1D0000F3A12 /* Sources */ = {
			isa = PBXSourcesBuildPhase;
			buildActionMask = 2147483647;
			files = (
				DD29960324B0D1D0000F3A12 /* Study_UnitTestUITests.swift in Sources */,
			);
			runOnlyForDeploymentPostprocessing = 0;
		};
/* End PBXSourcesBuildPhase section */

/* Begin PBXTargetDependency section */
		DD2995F524B0D1D0000F3A12 /* PBXTargetDependency */ = {
			isa = PBXTargetDependency;
			target = DD2995D924B0D1CE000F3A12 /* Study-UnitTest */;
			targetProxy = DD2995F424B0D1D0000F3A12 /* PBXContainerItemProxy */;
		};
		DD29960024B0D1D0000F3A12 /* PBXTargetDependency */ = {
			isa = PBXTargetDependency;
			target = DD2995D924B0D1CE000F3A12 /* Study-UnitTest */;
			targetProxy = DD2995FF24B0D1D0000F3A12 /* PBXContainerItemProxy */;
		};
/* End PBXTargetDependency section */

/* Begin PBXVariantGroup section */
		DD2995E324B0D1CE000F3A12 /* Main.storyboard */ = {
			isa = PBXVariantGroup;
			children = (
				DD2995E424B0D1CE000F3A12 /* Base */,
			);
			name = Main.storyboard;
			sourceTree = "<group>";
		};
		DD2995EB24B0D1D0000F3A12 /* LaunchScreen.storyboard */ = {
			isa = PBXVariantGroup;
			children = (
				DD2995EC24B0D1D0000F3A12 /* Base */,
			);
			name = LaunchScreen.storyboard;
			sourceTree = "<group>";
		};
/* End PBXVariantGroup section */

/* Begin XCBuildConfiguration section */
		DD29960524B0D1D0000F3A12 /* Debug */ = {
			isa = XCBuildConfiguration;
			buildSettings = {
				ALWAYS_SEARCH_USER_PATHS = NO;
				CLANG_ANALYZER_NONNULL = YES;
				CLANG_ANALYZER_NUMBER_OBJECT_CONVERSION = YES_AGGRESSIVE;
				CLANG_CXX_LANGUAGE_STANDARD = "gnu++14";
				CLANG_CXX_LIBRARY = "libc++";
				CLANG_ENABLE_MODULES = YES;
				CLANG_ENABLE_OBJC_ARC = YES;
				CLANG_ENABLE_OBJC_WEAK = YES;
				CLANG_WARN_BLOCK_CAPTURE_AUTORELEASING = YES;
				CLANG_WARN_BOOL_CONVERSION = YES;
				CLANG_WARN_COMMA = YES;
				CLANG_WARN_CONSTANT_CONVERSION = YES;
				CLANG_WARN_DEPRECATED_OBJC_IMPLEMENTATIONS = YES;
				CLANG_WARN_DIRECT_OBJC_ISA_USAGE = YES_ERROR;
				CLANG_WARN_DOCUMENTATION_COMMENTS = YES;
				CLANG_WARN_EMPTY_BODY = YES;
				CLANG_WARN_ENUM_CONVERSION = YES;
				CLANG_WARN_INFINITE_RECURSION = YES;
				CLANG_WARN_INT_CONVERSION = YES;
				CLANG_WARN_NON_LITERAL_NULL_CONVERSION = YES;
				CLANG_WARN_OBJC_IMPLICIT_RETAIN_SELF = YES;
				CLANG_WARN_OBJC_LITERAL_CONVERSION = YES;
				CLANG_WARN_OBJC_ROOT_CLASS = YES_ERROR;
				CLANG_WARN_RANGE_LOOP_ANALYSIS = YES;
				CLANG_WARN_STRICT_PROTOTYPES = YES;
				CLANG_WARN_SUSPICIOUS_MOVE = YES;
				CLANG_WARN_UNGUARDED_AVAILABILITY = YES_AGGRESSIVE;
				CLANG_WARN_UNREACHABLE_CODE = YES;
				CLANG_WARN__DUPLICATE_METHOD_MATCH = YES;
				COPY_PHASE_STRIP = NO;
				DEBUG_INFORMATION_FORMAT = dwarf;
				ENABLE_STRICT_OBJC_MSGSEND = YES;
				ENABLE_TESTABILITY = YES;
				GCC_C_LANGUAGE_STANDARD = gnu11;
				GCC_DYNAMIC_NO_PIC = NO;
				GCC_NO_COMMON_BLOCKS = YES;
				GCC_OPTIMIZATION_LEVEL = 0;
				GCC_PREPROCESSOR_DEFINITIONS = (
					"DEBUG=1",
					"$(inherited)",
				);
				GCC_WARN_64_TO_32_BIT_CONVERSION = YES;
				GCC_WARN_ABOUT_RETURN_TYPE = YES_ERROR;
				GCC_WARN_UNDECLARED_SELECTOR = YES;
				GCC_WARN_UNINITIALIZED_AUTOS = YES_AGGRESSIVE;
				GCC_WARN_UNUSED_FUNCTION = YES;
				GCC_WARN_UNUSED_VARIABLE = YES;
				IPHONEOS_DEPLOYMENT_TARGET = 13.5;
				MTL_ENABLE_DEBUG_INFO = INCLUDE_SOURCE;
				MTL_FAST_MATH = YES;
				ONLY_ACTIVE_ARCH = YES;
				SDKROOT = iphoneos;
				SWIFT_ACTIVE_COMPILATION_CONDITIONS = DEBUG;
				SWIFT_OPTIMIZATION_LEVEL = "-Onone";
			};
			name = Debug;
		};
		DD29960624B0D1D0000F3A12 /* Release */ = {
			isa = XCBuildConfiguration;
			buildSettings = {
				ALWAYS_SEARCH_USER_PATHS = NO;
				CLANG_ANALYZER_NONNULL = YES;
				CLANG_ANALYZER_NUMBER_OBJECT_CONVERSION = YES_AGGRESSIVE;
				CLANG_CXX_LANGUAGE_STANDARD = "gnu++14";
				CLANG_CXX_LIBRARY = "libc++";
				CLANG_ENABLE_MODULES = YES;
				CLANG_ENABLE_OBJC_ARC = YES;
				CLANG_ENABLE_OBJC_WEAK = YES;
				CLANG_WARN_BLOCK_CAPTURE_AUTORELEASING = YES;
				CLANG_WARN_BOOL_CONVERSION = YES;
				CLANG_WARN_COMMA = YES;
				CLANG_WARN_CONSTANT_CONVERSION = YES;
				CLANG_WARN_DEPRECATED_OBJC_IMPLEMENTATIONS = YES;
				CLANG_WARN_DIRECT_OBJC_ISA_USAGE = YES_ERROR;
				CLANG_WARN_DOCUMENTATION_COMMENTS = YES;
				CLANG_WARN_EMPTY_BODY = YES;
				CLANG_WARN_ENUM_CONVERSION = YES;
				CLANG_WARN_INFINITE_RECURSION = YES;
				CLANG_WARN_INT_CONVERSION = YES;
				CLANG_WARN_NON_LITERAL_NULL_CONVERSION = YES;
				CLANG_WARN_OBJC_IMPLICIT_RETAIN_SELF = YES;
				CLANG_WARN_OBJC_LITERAL_CONVERSION = YES;
				CLANG_WARN_OBJC_ROOT_CLASS = YES_ERROR;
				CLANG_WARN_RANGE_LOOP_ANALYSIS = YES;
				CLANG_WARN_STRICT_PROTOTYPES = YES;
				CLANG_WARN_SUSPICIOUS_MOVE = YES;
				CLANG_WARN_UNGUARDED_AVAILABILITY = YES_AGGRESSIVE;
				CLANG_WARN_UNREACHABLE_CODE = YES;
				CLANG_WARN__DUPLICATE_METHOD_MATCH = YES;
				COPY_PHASE_STRIP = NO;
				DEBUG_INFORMATION_FORMAT = "dwarf-with-dsym";
				ENABLE_NS_ASSERTIONS = NO;
				ENABLE_STRICT_OBJC_MSGSEND = YES;
				GCC_C_LANGUAGE_STANDARD = gnu11;
				GCC_NO_COMMON_BLOCKS = YES;
				GCC_WARN_64_TO_32_BIT_CONVERSION = YES;
				GCC_WARN_ABOUT_RETURN_TYPE = YES_ERROR;
				GCC_WARN_UNDECLARED_SELECTOR = YES;
				GCC_WARN_UNINITIALIZED_AUTOS = YES_AGGRESSIVE;
				GCC_WARN_UNUSED_FUNCTION = YES;
				GCC_WARN_UNUSED_VARIABLE = YES;
				IPHONEOS_DEPLOYMENT_TARGET = 13.5;
				MTL_ENABLE_DEBUG_INFO = NO;
				MTL_FAST_MATH = YES;
				SDKROOT = iphoneos;
				SWIFT_COMPILATION_MODE = wholemodule;
				SWIFT_OPTIMIZATION_LEVEL = "-O";
				VALIDATE_PRODUCT = YES;
			};
			name = Release;
		};
		DD29960824B0D1D0000F3A12 /* Debug */ = {
			isa = XCBuildConfiguration;
			baseConfigurationReference = 765F76BD1967EADDBF1D0379 /* Pods-Study-UnitTest.debug.xcconfig */;
			buildSettings = {
				ASSETCATALOG_COMPILER_APPICON_NAME = AppIcon;
				CODE_SIGN_STYLE = Automatic;
				DEVELOPMENT_TEAM = C8Q9PQS2B8;
				INFOPLIST_FILE = "Study-UnitTest/Info.plist";
				LD_RUNPATH_SEARCH_PATHS = (
					"$(inherited)",
					"@executable_path/Frameworks",
				);
				PRODUCT_BUNDLE_IDENTIFIER = "Walter-Luis-Deoni-sio-Junior.Study-UnitTest";
				PRODUCT_NAME = "$(TARGET_NAME)";
				SWIFT_VERSION = 5.0;
				TARGETED_DEVICE_FAMILY = "1,2";
			};
			name = Debug;
		};
		DD29960924B0D1D0000F3A12 /* Release */ = {
			isa = XCBuildConfiguration;
			baseConfigurationReference = 5A84BB2693011F06B34BB24B /* Pods-Study-UnitTest.release.xcconfig */;
			buildSettings = {
				ASSETCATALOG_COMPILER_APPICON_NAME = AppIcon;
				CODE_SIGN_STYLE = Automatic;
				DEVELOPMENT_TEAM = C8Q9PQS2B8;
				INFOPLIST_FILE = "Study-UnitTest/Info.plist";
				LD_RUNPATH_SEARCH_PATHS = (
					"$(inherited)",
					"@executable_path/Frameworks",
				);
				PRODUCT_BUNDLE_IDENTIFIER = "Walter-Luis-Deoni-sio-Junior.Study-UnitTest";
				PRODUCT_NAME = "$(TARGET_NAME)";
				SWIFT_VERSION = 5.0;
				TARGETED_DEVICE_FAMILY = "1,2";
			};
			name = Release;
		};
		DD29960B24B0D1D0000F3A12 /* Debug */ = {
			isa = XCBuildConfiguration;
			baseConfigurationReference = AF9DCC51043175C9B6326130 /* Pods-Study-UnitTestTests.debug.xcconfig */;
			buildSettings = {
				ALWAYS_EMBED_SWIFT_STANDARD_LIBRARIES = YES;
				BUNDLE_LOADER = "$(TEST_HOST)";
				CODE_SIGN_STYLE = Automatic;
				DEVELOPMENT_TEAM = 32PZ55D4SZ;
				INFOPLIST_FILE = "Study-UnitTestTests/Info.plist";
				IPHONEOS_DEPLOYMENT_TARGET = 13.5;
				LD_RUNPATH_SEARCH_PATHS = (
					"$(inherited)",
					"@executable_path/Frameworks",
					"@loader_path/Frameworks",
				);
				PRODUCT_BUNDLE_IDENTIFIER = "Walter-Luis-Deoni-sio-Junior.Study-UnitTestTests";
				PRODUCT_NAME = "$(TARGET_NAME)";
				SWIFT_VERSION = 5.0;
				TARGETED_DEVICE_FAMILY = "1,2";
				TEST_HOST = "$(BUILT_PRODUCTS_DIR)/Study-UnitTest.app/Study-UnitTest";
			};
			name = Debug;
		};
		DD29960C24B0D1D0000F3A12 /* Release */ = {
			isa = XCBuildConfiguration;
			baseConfigurationReference = 2BC1202069D322E56F011482 /* Pods-Study-UnitTestTests.release.xcconfig */;
			buildSettings = {
				ALWAYS_EMBED_SWIFT_STANDARD_LIBRARIES = YES;
				BUNDLE_LOADER = "$(TEST_HOST)";
				CODE_SIGN_STYLE = Automatic;
				DEVELOPMENT_TEAM = 32PZ55D4SZ;
				INFOPLIST_FILE = "Study-UnitTestTests/Info.plist";
				IPHONEOS_DEPLOYMENT_TARGET = 13.5;
				LD_RUNPATH_SEARCH_PATHS = (
					"$(inherited)",
					"@executable_path/Frameworks",
					"@loader_path/Frameworks",
				);
				PRODUCT_BUNDLE_IDENTIFIER = "Walter-Luis-Deoni-sio-Junior.Study-UnitTestTests";
				PRODUCT_NAME = "$(TARGET_NAME)";
				SWIFT_VERSION = 5.0;
				TARGETED_DEVICE_FAMILY = "1,2";
				TEST_HOST = "$(BUILT_PRODUCTS_DIR)/Study-UnitTest.app/Study-UnitTest";
			};
			name = Release;
		};
		DD29960E24B0D1D0000F3A12 /* Debug */ = {
			isa = XCBuildConfiguration;
			baseConfigurationReference = 1C4064302E295FDEEF074908 /* Pods-Study-UnitTest-Study-UnitTestUITests.debug.xcconfig */;
			buildSettings = {
				ALWAYS_EMBED_SWIFT_STANDARD_LIBRARIES = YES;
				CODE_SIGN_STYLE = Automatic;
				DEVELOPMENT_TEAM = 32PZ55D4SZ;
				INFOPLIST_FILE = "Study-UnitTestUITests/Info.plist";
				LD_RUNPATH_SEARCH_PATHS = (
					"$(inherited)",
					"@executable_path/Frameworks",
					"@loader_path/Frameworks",
				);
				PRODUCT_BUNDLE_IDENTIFIER = "Walter-Luis-Deoni-sio-Junior.Study-UnitTestUITests";
				PRODUCT_NAME = "$(TARGET_NAME)";
				SWIFT_VERSION = 5.0;
				TARGETED_DEVICE_FAMILY = "1,2";
				TEST_TARGET_NAME = "Study-UnitTest";
			};
			name = Debug;
		};
		DD29960F24B0D1D0000F3A12 /* Release */ = {
			isa = XCBuildConfiguration;
			baseConfigurationReference = 6FD8D136A7784F7F05F7A293 /* Pods-Study-UnitTest-Study-UnitTestUITests.release.xcconfig */;
			buildSettings = {
				ALWAYS_EMBED_SWIFT_STANDARD_LIBRARIES = YES;
				CODE_SIGN_STYLE = Automatic;
				DEVELOPMENT_TEAM = 32PZ55D4SZ;
				INFOPLIST_FILE = "Study-UnitTestUITests/Info.plist";
				LD_RUNPATH_SEARCH_PATHS = (
					"$(inherited)",
					"@executable_path/Frameworks",
					"@loader_path/Frameworks",
				);
				PRODUCT_BUNDLE_IDENTIFIER = "Walter-Luis-Deoni-sio-Junior.Study-UnitTestUITests";
				PRODUCT_NAME = "$(TARGET_NAME)";
				SWIFT_VERSION = 5.0;
				TARGETED_DEVICE_FAMILY = "1,2";
				TEST_TARGET_NAME = "Study-UnitTest";
			};
			name = Release;
		};
/* End XCBuildConfiguration section */

/* Begin XCConfigurationList section */
		DD2995D524B0D1CE000F3A12 /* Build configuration list for PBXProject "Study-UnitTest" */ = {
			isa = XCConfigurationList;
			buildConfigurations = (
				DD29960524B0D1D0000F3A12 /* Debug */,
				DD29960624B0D1D0000F3A12 /* Release */,
			);
			defaultConfigurationIsVisible = 0;
			defaultConfigurationName = Release;
		};
		DD29960724B0D1D0000F3A12 /* Build configuration list for PBXNativeTarget "Study-UnitTest" */ = {
			isa = XCConfigurationList;
			buildConfigurations = (
				DD29960824B0D1D0000F3A12 /* Debug */,
				DD29960924B0D1D0000F3A12 /* Release */,
			);
			defaultConfigurationIsVisible = 0;
			defaultConfigurationName = Release;
		};
		DD29960A24B0D1D0000F3A12 /* Build configuration list for PBXNativeTarget "Study-UnitTestTests" */ = {
			isa = XCConfigurationList;
			buildConfigurations = (
				DD29960B24B0D1D0000F3A12 /* Debug */,
				DD29960C24B0D1D0000F3A12 /* Release */,
			);
			defaultConfigurationIsVisible = 0;
			defaultConfigurationName = Release;
		};
		DD29960D24B0D1D0000F3A12 /* Build configuration list for PBXNativeTarget "Study-UnitTestUITests" */ = {
			isa = XCConfigurationList;
			buildConfigurations = (
				DD29960E24B0D1D0000F3A12 /* Debug */,
				DD29960F24B0D1D0000F3A12 /* Release */,
			);
			defaultConfigurationIsVisible = 0;
			defaultConfigurationName = Release;
		};
/* End XCConfigurationList section */
	};
	rootObject = DD2995D224B0D1CE000F3A12 /* Project object */;
}
